github.com/codingsince1985/geo-golang v1.8.3 h1:73TRG/poj1IUiYOoaEM7gD/+ZBSRg+BPnWoGpAg+NHc=
github.com/codingsince1985/geo-golang v1.8.3/go.mod h1:IQXA9sjsQ1hTJfijQcsQInvnzdn7B0rx+VTNDLpaqiw=
github.com/student31415/avito-course v0.0.0-20230219125031-71479387269e h1:24/fV85ESHZTWAu7vYsABZiKKe0lnq3Zc1sfeQDRFhU=
github.com/student31415/avito-course v0.0.0-20230219125031-71479387269e/go.mod h1:cOShkt3mpszMGwKroW8Bthf1J4hg8cy/UrcwMPUVRds=
